
Microsoft Visual Studio Solution File, Format Version 12.00
# Visual Studio 15
VisualStudioVersion = 15.0.27130.2026
MinimumVisualStudioVersion = 10.0.40219.1
Project("{FAE04EC0-301F-11D3-BF4B-00C04F79EFBC}") = "XMedia.Android", "XMedia\XMedia.Android\XMedia.Android.csproj", "{587F8363-01FF-40D8-8451-D33A38C8917A}"
EndProject
Project("{9A19103F-16F7-4668-BE54-9A1E7A4F7556}") = "XMedia", "XMedia\XMedia\XMedia.csproj", "{0CB961FD-0ABB-4F0B-B773-DB4FB0AAABAB}"
EndProject
Project("{2150E333-8FDC-42A3-9474-1A3956D46DE8}") = "Library", "Library", "{1508D18F-D56B-4C36-851D-DFE9F2019244}"
EndProject
Project("{FAE04EC0-301F-11D3-BF4B-00C04F79EFBC}") = "XMedia.iOS", "XMedia\XMedia.iOS\XMedia.iOS.csproj", "{5C245CA1-BF88-42FF-BB97-D645328DE374}"
EndProject
Project("{FAE04EC0-301F-11D3-BF4B-00C04F79EFBC}") = "XMedia.Samples.Android", "XMedia.Samples\XMedia.Samples.Android\XMedia.Samples.Android.csproj", "{B98D236D-0C4D-4AFB-9555-E84149AA659A}"
EndProject
Project("{FAE04EC0-301F-11D3-BF4B-00C04F79EFBC}") = "XMedia.Samples.iOS", "XMedia.Samples\XMedia.Samples.iOS\XMedia.Samples.iOS.csproj", "{68C52A17-778B-466A-A0C2-4B7573A3992B}"
EndProject
Project("{FAE04EC0-301F-11D3-BF4B-00C04F79EFBC}") = "XMedia.Samples", "XMedia.Samples\XMedia.Samples\XMedia.Samples.csproj", "{813A53A0-24F1-4B10-AD15-9E57BB2292C6}"
EndProject
Project("{2150E333-8FDC-42A3-9474-1A3956D46DE8}") = "Sample", "Sample", "{2ABE8514-2CF0-45D3-9395-5B3F43AF7958}"
EndProject
Global
	GlobalSection(SolutionConfigurationPlatforms) = preSolution
		Ad-Hoc|Any CPU = Ad-Hoc|Any CPU
		Ad-Hoc|iPhone = Ad-Hoc|iPhone
		Ad-Hoc|iPhoneSimulator = Ad-Hoc|iPhoneSimulator
		AppStore|Any CPU = AppStore|Any CPU
		AppStore|iPhone = AppStore|iPhone
		AppStore|iPhoneSimulator = AppStore|iPhoneSimulator
		Debug|Any CPU = Debug|Any CPU
		Debug|iPhone = Debug|iPhone
		Debug|iPhoneSimulator = Debug|iPhoneSimulator
		Release|Any CPU = Release|Any CPU
		Release|iPhone = Release|iPhone
		Release|iPhoneSimulator = Release|iPhoneSimulator
	EndGlobalSection
	GlobalSection(ProjectConfigurationPlatforms) = postSolution
		{587F8363-01FF-40D8-8451-D33A38C8917A}.Ad-Hoc|Any CPU.ActiveCfg = Release|Any CPU
		{587F8363-01FF-40D8-8451-D33A38C8917A}.Ad-Hoc|Any CPU.Build.0 = Release|Any CPU
		{587F8363-01FF-40D8-8451-D33A38C8917A}.Ad-Hoc|Any CPU.Deploy.0 = Release|Any CPU
		{587F8363-01FF-40D8-8451-D33A38C8917A}.Ad-Hoc|iPhone.ActiveCfg = Release|Any CPU
		{587F8363-01FF-40D8-8451-D33A38C8917A}.Ad-Hoc|iPhone.Build.0 = Release|Any CPU
		{587F8363-01FF-40D8-8451-D33A38C8917A}.Ad-Hoc|iPhone.Deploy.0 = Release|Any CPU
		{587F8363-01FF-40D8-8451-D33A38C8917A}.Ad-Hoc|iPhoneSimulator.ActiveCfg = Release|Any CPU
		{587F8363-01FF-40D8-8451-D33A38C8917A}.Ad-Hoc|iPhoneSimulator.Build.0 = Release|Any CPU
		{587F8363-01FF-40D8-8451-D33A38C8917A}.Ad-Hoc|iPhoneSimulator.Deploy.0 = Release|Any CPU
		{587F8363-01FF-40D8-8451-D33A38C8917A}.AppStore|Any CPU.ActiveCfg = Release|Any CPU
		{587F8363-01FF-40D8-8451-D33A38C8917A}.AppStore|Any CPU.Build.0 = Release|Any CPU
		{587F8363-01FF-40D8-8451-D33A38C8917A}.AppStore|Any CPU.Deploy.0 = Release|Any CPU
		{587F8363-01FF-40D8-8451-D33A38C8917A}.AppStore|iPhone.ActiveCfg = Release|Any CPU
		{587F8363-01FF-40D8-8451-D33A38C8917A}.AppStore|iPhone.Build.0 = Release|Any CPU
		{587F8363-01FF-40D8-8451-D33A38C8917A}.AppStore|iPhone.Deploy.0 = Release|Any CPU
		{587F8363-01FF-40D8-8451-D33A38C8917A}.AppStore|iPhoneSimulator.ActiveCfg = Release|Any CPU
		{587F8363-01FF-40D8-8451-D33A38C8917A}.AppStore|iPhoneSimulator.Build.0 = Release|Any CPU
		{587F8363-01FF-40D8-8451-D33A38C8917A}.AppStore|iPhoneSimulator.Deploy.0 = Release|Any CPU
		{587F8363-01FF-40D8-8451-D33A38C8917A}.Debug|Any CPU.ActiveCfg = Debug|Any CPU
		{587F8363-01FF-40D8-8451-D33A38C8917A}.Debug|Any CPU.Build.0 = Debug|Any CPU
		{587F8363-01FF-40D8-8451-D33A38C8917A}.Debug|Any CPU.Deploy.0 = Debug|Any CPU
		{587F8363-01FF-40D8-8451-D33A38C8917A}.Debug|iPhone.ActiveCfg = Debug|Any CPU
		{587F8363-01FF-40D8-8451-D33A38C8917A}.Debug|iPhone.Build.0 = Debug|Any CPU
		{587F8363-01FF-40D8-8451-D33A38C8917A}.Debug|iPhone.Deploy.0 = Debug|Any CPU
		{587F8363-01FF-40D8-8451-D33A38C8917A}.Debug|iPhoneSimulator.ActiveCfg = Debug|Any CPU
		{587F8363-01FF-40D8-8451-D33A38C8917A}.Debug|iPhoneSimulator.Build.0 = Debug|Any CPU
		{587F8363-01FF-40D8-8451-D33A38C8917A}.Debug|iPhoneSimulator.Deploy.0 = Debug|Any CPU
		{587F8363-01FF-40D8-8451-D33A38C8917A}.Release|Any CPU.ActiveCfg = Release|Any CPU
		{587F8363-01FF-40D8-8451-D33A38C8917A}.Release|Any CPU.Build.0 = Release|Any CPU
		{587F8363-01FF-40D8-8451-D33A38C8917A}.Release|Any CPU.Deploy.0 = Release|Any CPU
		{587F8363-01FF-40D8-8451-D33A38C8917A}.Release|iPhone.ActiveCfg = Release|Any CPU
		{587F8363-01FF-40D8-8451-D33A38C8917A}.Release|iPhone.Build.0 = Release|Any CPU
		{587F8363-01FF-40D8-8451-D33A38C8917A}.Release|iPhone.Deploy.0 = Release|Any CPU
		{587F8363-01FF-40D8-8451-D33A38C8917A}.Release|iPhoneSimulator.ActiveCfg = Release|Any CPU
		{587F8363-01FF-40D8-8451-D33A38C8917A}.Release|iPhoneSimulator.Build.0 = Release|Any CPU
		{587F8363-01FF-40D8-8451-D33A38C8917A}.Release|iPhoneSimulator.Deploy.0 = Release|Any CPU
		{0CB961FD-0ABB-4F0B-B773-DB4FB0AAABAB}.Ad-Hoc|Any CPU.ActiveCfg = Debug|Any CPU
		{0CB961FD-0ABB-4F0B-B773-DB4FB0AAABAB}.Ad-Hoc|Any CPU.Build.0 = Debug|Any CPU
		{0CB961FD-0ABB-4F0B-B773-DB4FB0AAABAB}.Ad-Hoc|iPhone.ActiveCfg = Debug|Any CPU
		{0CB961FD-0ABB-4F0B-B773-DB4FB0AAABAB}.Ad-Hoc|iPhone.Build.0 = Debug|Any CPU
		{0CB961FD-0ABB-4F0B-B773-DB4FB0AAABAB}.Ad-Hoc|iPhoneSimulator.ActiveCfg = Debug|Any CPU
		{0CB961FD-0ABB-4F0B-B773-DB4FB0AAABAB}.Ad-Hoc|iPhoneSimulator.Build.0 = Debug|Any CPU
		{0CB961FD-0ABB-4F0B-B773-DB4FB0AAABAB}.AppStore|Any CPU.ActiveCfg = Debug|Any CPU
		{0CB961FD-0ABB-4F0B-B773-DB4FB0AAABAB}.AppStore|Any CPU.Build.0 = Debug|Any CPU
		{0CB961FD-0ABB-4F0B-B773-DB4FB0AAABAB}.AppStore|iPhone.ActiveCfg = Debug|Any CPU
		{0CB961FD-0ABB-4F0B-B773-DB4FB0AAABAB}.AppStore|iPhone.Build.0 = Debug|Any CPU
		{0CB961FD-0ABB-4F0B-B773-DB4FB0AAABAB}.AppStore|iPhoneSimulator.ActiveCfg = Debug|Any CPU
		{0CB961FD-0ABB-4F0B-B773-DB4FB0AAABAB}.AppStore|iPhoneSimulator.Build.0 = Debug|Any CPU
		{0CB961FD-0ABB-4F0B-B773-DB4FB0AAABAB}.Debug|Any CPU.ActiveCfg = Debug|Any CPU
		{0CB961FD-0ABB-4F0B-B773-DB4FB0AAABAB}.Debug|Any CPU.Build.0 = Debug|Any CPU
		{0CB961FD-0ABB-4F0B-B773-DB4FB0AAABAB}.Debug|iPhone.ActiveCfg = Debug|Any CPU
		{0CB961FD-0ABB-4F0B-B773-DB4FB0AAABAB}.Debug|iPhone.Build.0 = Debug|Any CPU
		{0CB961FD-0ABB-4F0B-B773-DB4FB0AAABAB}.Debug|iPhoneSimulator.ActiveCfg = Debug|Any CPU
		{0CB961FD-0ABB-4F0B-B773-DB4FB0AAABAB}.Debug|iPhoneSimulator.Build.0 = Debug|Any CPU
		{0CB961FD-0ABB-4F0B-B773-DB4FB0AAABAB}.Release|Any CPU.ActiveCfg = Release|Any CPU
		{0CB961FD-0ABB-4F0B-B773-DB4FB0AAABAB}.Release|Any CPU.Build.0 = Release|Any CPU
		{0CB961FD-0ABB-4F0B-B773-DB4FB0AAABAB}.Release|iPhone.ActiveCfg = Release|Any CPU
		{0CB961FD-0ABB-4F0B-B773-DB4FB0AAABAB}.Release|iPhone.Build.0 = Release|Any CPU
		{0CB961FD-0ABB-4F0B-B773-DB4FB0AAABAB}.Release|iPhoneSimulator.ActiveCfg = Release|Any CPU
		{0CB961FD-0ABB-4F0B-B773-DB4FB0AAABAB}.Release|iPhoneSimulator.Build.0 = Release|Any CPU
		{5C245CA1-BF88-42FF-BB97-D645328DE374}.Ad-Hoc|Any CPU.ActiveCfg = Release|Any CPU
		{5C245CA1-BF88-42FF-BB97-D645328DE374}.Ad-Hoc|Any CPU.Build.0 = Release|Any CPU
		{5C245CA1-BF88-42FF-BB97-D645328DE374}.Ad-Hoc|iPhone.ActiveCfg = Release|Any CPU
		{5C245CA1-BF88-42FF-BB97-D645328DE374}.Ad-Hoc|iPhone.Build.0 = Release|Any CPU
		{5C245CA1-BF88-42FF-BB97-D645328DE374}.Ad-Hoc|iPhoneSimulator.ActiveCfg = Release|Any CPU
		{5C245CA1-BF88-42FF-BB97-D645328DE374}.Ad-Hoc|iPhoneSimulator.Build.0 = Release|Any CPU
		{5C245CA1-BF88-42FF-BB97-D645328DE374}.AppStore|Any CPU.ActiveCfg = Release|Any CPU
		{5C245CA1-BF88-42FF-BB97-D645328DE374}.AppStore|Any CPU.Build.0 = Release|Any CPU
		{5C245CA1-BF88-42FF-BB97-D645328DE374}.AppStore|iPhone.ActiveCfg = Release|Any CPU
		{5C245CA1-BF88-42FF-BB97-D645328DE374}.AppStore|iPhone.Build.0 = Release|Any CPU
		{5C245CA1-BF88-42FF-BB97-D645328DE374}.AppStore|iPhoneSimulator.ActiveCfg = Release|Any CPU
		{5C245CA1-BF88-42FF-BB97-D645328DE374}.AppStore|iPhoneSimulator.Build.0 = Release|Any CPU
		{5C245CA1-BF88-42FF-BB97-D645328DE374}.Debug|Any CPU.ActiveCfg = Debug|Any CPU
		{5C245CA1-BF88-42FF-BB97-D645328DE374}.Debug|Any CPU.Build.0 = Debug|Any CPU
		{5C245CA1-BF88-42FF-BB97-D645328DE374}.Debug|iPhone.ActiveCfg = Debug|Any CPU
		{5C245CA1-BF88-42FF-BB97-D645328DE374}.Debug|iPhone.Build.0 = Debug|Any CPU
		{5C245CA1-BF88-42FF-BB97-D645328DE374}.Debug|iPhoneSimulator.ActiveCfg = Debug|Any CPU
		{5C245CA1-BF88-42FF-BB97-D645328DE374}.Debug|iPhoneSimulator.Build.0 = Debug|Any CPU
		{5C245CA1-BF88-42FF-BB97-D645328DE374}.Release|Any CPU.ActiveCfg = Release|Any CPU
		{5C245CA1-BF88-42FF-BB97-D645328DE374}.Release|Any CPU.Build.0 = Release|Any CPU
		{5C245CA1-BF88-42FF-BB97-D645328DE374}.Release|iPhone.ActiveCfg = Release|Any CPU
		{5C245CA1-BF88-42FF-BB97-D645328DE374}.Release|iPhone.Build.0 = Release|Any CPU
		{5C245CA1-BF88-42FF-BB97-D645328DE374}.Release|iPhoneSimulator.ActiveCfg = Release|Any CPU
		{5C245CA1-BF88-42FF-BB97-D645328DE374}.Release|iPhoneSimulator.Build.0 = Release|Any CPU
		{B98D236D-0C4D-4AFB-9555-E84149AA659A}.Ad-Hoc|Any CPU.ActiveCfg = Release|Any CPU
		{B98D236D-0C4D-4AFB-9555-E84149AA659A}.Ad-Hoc|Any CPU.Build.0 = Release|Any CPU
		{B98D236D-0C4D-4AFB-9555-E84149AA659A}.Ad-Hoc|Any CPU.Deploy.0 = Release|Any CPU
		{B98D236D-0C4D-4AFB-9555-E84149AA659A}.Ad-Hoc|iPhone.ActiveCfg = Release|Any CPU
		{B98D236D-0C4D-4AFB-9555-E84149AA659A}.Ad-Hoc|iPhone.Build.0 = Release|Any CPU
		{B98D236D-0C4D-4AFB-9555-E84149AA659A}.Ad-Hoc|iPhone.Deploy.0 = Release|Any CPU
		{B98D236D-0C4D-4AFB-9555-E84149AA659A}.Ad-Hoc|iPhoneSimulator.ActiveCfg = Release|Any CPU
		{B98D236D-0C4D-4AFB-9555-E84149AA659A}.Ad-Hoc|iPhoneSimulator.Build.0 = Release|Any CPU
		{B98D236D-0C4D-4AFB-9555-E84149AA659A}.Ad-Hoc|iPhoneSimulator.Deploy.0 = Release|Any CPU
		{B98D236D-0C4D-4AFB-9555-E84149AA659A}.AppStore|Any CPU.ActiveCfg = Release|Any CPU
		{B98D236D-0C4D-4AFB-9555-E84149AA659A}.AppStore|Any CPU.Build.0 = Release|Any CPU
		{B98D236D-0C4D-4AFB-9555-E84149AA659A}.AppStore|Any CPU.Deploy.0 = Release|Any CPU
		{B98D236D-0C4D-4AFB-9555-E84149AA659A}.AppStore|iPhone.ActiveCfg = Release|Any CPU
		{B98D236D-0C4D-4AFB-9555-E84149AA659A}.AppStore|iPhone.Build.0 = Release|Any CPU
		{B98D236D-0C4D-4AFB-9555-E84149AA659A}.AppStore|iPhone.Deploy.0 = Release|Any CPU
		{B98D236D-0C4D-4AFB-9555-E84149AA659A}.AppStore|iPhoneSimulator.ActiveCfg = Release|Any CPU
		{B98D236D-0C4D-4AFB-9555-E84149AA659A}.AppStore|iPhoneSimulator.Build.0 = Release|Any CPU
		{B98D236D-0C4D-4AFB-9555-E84149AA659A}.AppStore|iPhoneSimulator.Deploy.0 = Release|Any CPU
		{B98D236D-0C4D-4AFB-9555-E84149AA659A}.Debug|Any CPU.ActiveCfg = Debug|Any CPU
		{B98D236D-0C4D-4AFB-9555-E84149AA659A}.Debug|Any CPU.Build.0 = Debug|Any CPU
		{B98D236D-0C4D-4AFB-9555-E84149AA659A}.Debug|Any CPU.Deploy.0 = Debug|Any CPU
		{B98D236D-0C4D-4AFB-9555-E84149AA659A}.Debug|iPhone.ActiveCfg = Debug|Any CPU
		{B98D236D-0C4D-4AFB-9555-E84149AA659A}.Debug|iPhone.Build.0 = Debug|Any CPU
		{B98D236D-0C4D-4AFB-9555-E84149AA659A}.Debug|iPhone.Deploy.0 = Debug|Any CPU
		{B98D236D-0C4D-4AFB-9555-E84149AA659A}.Debug|iPhoneSimulator.ActiveCfg = Debug|Any CPU
		{B98D236D-0C4D-4AFB-9555-E84149AA659A}.Debug|iPhoneSimulator.Build.0 = Debug|Any CPU
		{B98D236D-0C4D-4AFB-9555-E84149AA659A}.Debug|iPhoneSimulator.Deploy.0 = Debug|Any CPU
		{B98D236D-0C4D-4AFB-9555-E84149AA659A}.Release|Any CPU.ActiveCfg = Release|Any CPU
		{B98D236D-0C4D-4AFB-9555-E84149AA659A}.Release|Any CPU.Build.0 = Release|Any CPU
		{B98D236D-0C4D-4AFB-9555-E84149AA659A}.Release|Any CPU.Deploy.0 = Release|Any CPU
		{B98D236D-0C4D-4AFB-9555-E84149AA659A}.Release|iPhone.ActiveCfg = Release|Any CPU
		{B98D236D-0C4D-4AFB-9555-E84149AA659A}.Release|iPhone.Build.0 = Release|Any CPU
		{B98D236D-0C4D-4AFB-9555-E84149AA659A}.Release|iPhone.Deploy.0 = Release|Any CPU
		{B98D236D-0C4D-4AFB-9555-E84149AA659A}.Release|iPhoneSimulator.ActiveCfg = Release|Any CPU
		{B98D236D-0C4D-4AFB-9555-E84149AA659A}.Release|iPhoneSimulator.Build.0 = Release|Any CPU
		{B98D236D-0C4D-4AFB-9555-E84149AA659A}.Release|iPhoneSimulator.Deploy.0 = Release|Any CPU
		{68C52A17-778B-466A-A0C2-4B7573A3992B}.Ad-Hoc|Any CPU.ActiveCfg = Ad-Hoc|iPhone
		{68C52A17-778B-466A-A0C2-4B7573A3992B}.Ad-Hoc|iPhone.ActiveCfg = Ad-Hoc|iPhone
		{68C52A17-778B-466A-A0C2-4B7573A3992B}.Ad-Hoc|iPhone.Build.0 = Ad-Hoc|iPhone
		{68C52A17-778B-466A-A0C2-4B7573A3992B}.Ad-Hoc|iPhoneSimulator.ActiveCfg = Ad-Hoc|iPhoneSimulator
		{68C52A17-778B-466A-A0C2-4B7573A3992B}.Ad-Hoc|iPhoneSimulator.Build.0 = Ad-Hoc|iPhoneSimulator
		{68C52A17-778B-466A-A0C2-4B7573A3992B}.AppStore|Any CPU.ActiveCfg = AppStore|iPhone
		{68C52A17-778B-466A-A0C2-4B7573A3992B}.AppStore|iPhone.ActiveCfg = AppStore|iPhone
		{68C52A17-778B-466A-A0C2-4B7573A3992B}.AppStore|iPhone.Build.0 = AppStore|iPhone
		{68C52A17-778B-466A-A0C2-4B7573A3992B}.AppStore|iPhoneSimulator.ActiveCfg = AppStore|iPhoneSimulator
		{68C52A17-778B-466A-A0C2-4B7573A3992B}.AppStore|iPhoneSimulator.Build.0 = AppStore|iPhoneSimulator
		{68C52A17-778B-466A-A0C2-4B7573A3992B}.Debug|Any CPU.ActiveCfg = Debug|iPhone
		{68C52A17-778B-466A-A0C2-4B7573A3992B}.Debug|iPhone.ActiveCfg = Debug|iPhone
		{68C52A17-778B-466A-A0C2-4B7573A3992B}.Debug|iPhone.Build.0 = Debug|iPhone
		{68C52A17-778B-466A-A0C2-4B7573A3992B}.Debug|iPhoneSimulator.ActiveCfg = Debug|iPhoneSimulator
		{68C52A17-778B-466A-A0C2-4B7573A3992B}.Debug|iPhoneSimulator.Build.0 = Debug|iPhoneSimulator
		{68C52A17-778B-466A-A0C2-4B7573A3992B}.Release|Any CPU.ActiveCfg = Release|iPhone
		{68C52A17-778B-466A-A0C2-4B7573A3992B}.Release|iPhone.ActiveCfg = Release|iPhone
		{68C52A17-778B-466A-A0C2-4B7573A3992B}.Release|iPhone.Build.0 = Release|iPhone
		{68C52A17-778B-466A-A0C2-4B7573A3992B}.Release|iPhoneSimulator.ActiveCfg = Release|iPhoneSimulator
		{68C52A17-778B-466A-A0C2-4B7573A3992B}.Release|iPhoneSimulator.Build.0 = Release|iPhoneSimulator
		{813A53A0-24F1-4B10-AD15-9E57BB2292C6}.Ad-Hoc|Any CPU.ActiveCfg = Debug|Any CPU
		{813A53A0-24F1-4B10-AD15-9E57BB2292C6}.Ad-Hoc|Any CPU.Build.0 = Debug|Any CPU
		{813A53A0-24F1-4B10-AD15-9E57BB2292C6}.Ad-Hoc|iPhone.ActiveCfg = Debug|Any CPU
		{813A53A0-24F1-4B10-AD15-9E57BB2292C6}.Ad-Hoc|iPhone.Build.0 = Debug|Any CPU
		{813A53A0-24F1-4B10-AD15-9E57BB2292C6}.Ad-Hoc|iPhoneSimulator.ActiveCfg = Debug|Any CPU
		{813A53A0-24F1-4B10-AD15-9E57BB2292C6}.Ad-Hoc|iPhoneSimulator.Build.0 = Debug|Any CPU
		{813A53A0-24F1-4B10-AD15-9E57BB2292C6}.AppStore|Any CPU.ActiveCfg = Debug|Any CPU
		{813A53A0-24F1-4B10-AD15-9E57BB2292C6}.AppStore|Any CPU.Build.0 = Debug|Any CPU
		{813A53A0-24F1-4B10-AD15-9E57BB2292C6}.AppStore|iPhone.ActiveCfg = Debug|Any CPU
		{813A53A0-24F1-4B10-AD15-9E57BB2292C6}.AppStore|iPhone.Build.0 = Debug|Any CPU
		{813A53A0-24F1-4B10-AD15-9E57BB2292C6}.AppStore|iPhoneSimulator.ActiveCfg = Debug|Any CPU
		{813A53A0-24F1-4B10-AD15-9E57BB2292C6}.AppStore|iPhoneSimulator.Build.0 = Debug|Any CPU
		{813A53A0-24F1-4B10-AD15-9E57BB2292C6}.Debug|Any CPU.ActiveCfg = Debug|Any CPU
		{813A53A0-24F1-4B10-AD15-9E57BB2292C6}.Debug|Any CPU.Build.0 = Debug|Any CPU
		{813A53A0-24F1-4B10-AD15-9E57BB2292C6}.Debug|iPhone.ActiveCfg = Debug|Any CPU
		{813A53A0-24F1-4B10-AD15-9E57BB2292C6}.Debug|iPhone.Build.0 = Debug|Any CPU
		{813A53A0-24F1-4B10-AD15-9E57BB2292C6}.Debug|iPhoneSimulator.ActiveCfg = Debug|Any CPU
		{813A53A0-24F1-4B10-AD15-9E57BB2292C6}.Debug|iPhoneSimulator.Build.0 = Debug|Any CPU
		{813A53A0-24F1-4B10-AD15-9E57BB2292C6}.Release|Any CPU.ActiveCfg = Release|Any CPU
		{813A53A0-24F1-4B10-AD15-9E57BB2292C6}.Release|Any CPU.Build.0 = Release|Any CPU
		{813A53A0-24F1-4B10-AD15-9E57BB2292C6}.Release|iPhone.ActiveCfg = Release|Any CPU
		{813A53A0-24F1-4B10-AD15-9E57BB2292C6}.Release|iPhone.Build.0 = Release|Any CPU
		{813A53A0-24F1-4B10-AD15-9E57BB2292C6}.Release|iPhoneSimulator.ActiveCfg = Release|Any CPU
		{813A53A0-24F1-4B10-AD15-9E57BB2292C6}.Release|iPhoneSimulator.Build.0 = Release|Any CPU
	EndGlobalSection
	GlobalSection(SolutionProperties) = preSolution
		HideSolutionNode = FALSE
	EndGlobalSection
	GlobalSection(NestedProjects) = preSolution
		{587F8363-01FF-40D8-8451-D33A38C8917A} = {1508D18F-D56B-4C36-851D-DFE9F2019244}
		{0CB961FD-0ABB-4F0B-B773-DB4FB0AAABAB} = {1508D18F-D56B-4C36-851D-DFE9F2019244}
		{5C245CA1-BF88-42FF-BB97-D645328DE374} = {1508D18F-D56B-4C36-851D-DFE9F2019244}
		{B98D236D-0C4D-4AFB-9555-E84149AA659A} = {2ABE8514-2CF0-45D3-9395-5B3F43AF7958}
		{68C52A17-778B-466A-A0C2-4B7573A3992B} = {2ABE8514-2CF0-45D3-9395-5B3F43AF7958}
		{813A53A0-24F1-4B10-AD15-9E57BB2292C6} = {2ABE8514-2CF0-45D3-9395-5B3F43AF7958}
	EndGlobalSection
	GlobalSection(ExtensibilityGlobals) = postSolution
		SolutionGuid = {D2292990-FB3F-464C-B697-B3B9D13E5A7C}
	EndGlobalSection
EndGlobal
